
Microsoft Visual Studio Solution File, Format Version 12.00
# Visual Studio Version 16
VisualStudioVersion = 16.0.30011.22
MinimumVisualStudioVersion = 10.0.40219.1
Project("{9A19103F-16F7-4668-BE54-9A1E7A4F7556}") = "Ray.Infrastructure", "..\0.Shared\Ray.Infrastructure\Ray.Infrastructure.csproj", "{628D0B3C-E384-460D-A7F6-0DB2CC14AEEB}"
EndProject
Project("{9A19103F-16F7-4668-BE54-9A1E7A4F7556}") = "Ray.EssayNotes.RabbitMQ.TaskQueues", "Ray.EssayNotes.RabbitMQ.TaskQueues\Ray.EssayNotes.RabbitMQ.TaskQueues.csproj", "{FD16D530-EEFA-44E8-B350-B4A6F40C7E50}"
EndProject
Project("{2150E333-8FDC-42A3-9474-1A3956D46DE8}") = "0.Shares", "0.Shares", "{D7E491DB-BD02-4141-B083-92F37E64866F}"
EndProject
Project("{2150E333-8FDC-42A3-9474-1A3956D46DE8}") = "3.1.轮转分发（Round-robin dispatching）", "3.1.轮转分发（Round-robin dispatching）", "{CB78697D-C06F-4A68-937B-FA84BE1EA93A}"
EndProject
Project("{2150E333-8FDC-42A3-9474-1A3956D46DE8}") = "1.消费确认（Message acknowledgment）", "1.消费确认（Message acknowledgment）", "{E6319085-038C-43ED-8AD5-079F41FE2F59}"
EndProject
Project("{2150E333-8FDC-42A3-9474-1A3956D46DE8}") = "2.1.自动确认", "2.1.自动确认", "{31141B45-9487-4B03-A523-8D27AD67254F}"
EndProject
Project("{2150E333-8FDC-42A3-9474-1A3956D46DE8}") = "2.2.手动确认", "2.2.手动确认", "{4C12C7AC-B694-4081-BF2E-92E6B4BC3C88}"
EndProject
Project("{2150E333-8FDC-42A3-9474-1A3956D46DE8}") = "2.消息持久化（Message durability）", "2.消息持久化（Message durability）", "{DCA7B241-C5CF-4078-B43A-6BC4CEDBE957}"
EndProject
Project("{2150E333-8FDC-42A3-9474-1A3956D46DE8}") = "3.1.无持久化", "3.1.无持久化", "{843422FA-02E3-4D02-8895-EDDCBFBD7D2C}"
EndProject
Project("{2150E333-8FDC-42A3-9474-1A3956D46DE8}") = "3.2.队列持久化但消息不持久化", "3.2.队列持久化但消息不持久化", "{737B0593-58B7-4A4C-84CB-774A45AD7F35}"
EndProject
Project("{2150E333-8FDC-42A3-9474-1A3956D46DE8}") = "3.3.消息持久化但队列不持久化", "3.3.消息持久化但队列不持久化", "{11E797EE-5C4C-4AB0-A325-66D2DE99D25F}"
EndProject
Project("{2150E333-8FDC-42A3-9474-1A3956D46DE8}") = "3.4.均持久化", "3.4.均持久化", "{B8C8EB35-B26F-4DFD-86D4-5EA9B799D4FA}"
EndProject
Project("{2150E333-8FDC-42A3-9474-1A3956D46DE8}") = "3.2.公平分发（Fair Dispatch）", "3.2.公平分发（Fair Dispatch）", "{13D6C124-E113-4CE5-9E6D-64042CB03B9E}"
EndProject
Project("{9A19103F-16F7-4668-BE54-9A1E7A4F7556}") = "Ack.Consumer", "Ack.Consumer\Ack.Consumer.csproj", "{C4CB5021-0024-4E4A-ADC4-89158B5BA519}"
EndProject
Project("{9A19103F-16F7-4668-BE54-9A1E7A4F7556}") = "Ack.Producer", "Ack.Producer\Ack.Producer.csproj", "{0DCA9085-4C00-4052-8EBD-D0FD822FDD5B}"
EndProject
Project("{9A19103F-16F7-4668-BE54-9A1E7A4F7556}") = "NonDurable.Producer", "NonDurable.Producer\NonDurable.Producer.csproj", "{8198FE4A-9293-4B4F-A191-2C73BD34717F}"
EndProject
Project("{9A19103F-16F7-4668-BE54-9A1E7A4F7556}") = "NonDurable.Consumer", "NonDurable.Consumer\NonDurable.Consumer.csproj", "{7734424B-0572-4E54-B507-0FF0C0683733}"
EndProject
Project("{2150E333-8FDC-42A3-9474-1A3956D46DE8}") = "3.Task分发模式", "3.Task分发模式", "{E0AAD79C-07E3-4676-AC96-C7E5D3511C4C}"
EndProject
Project("{FAE04EC0-301F-11D3-BF4B-00C04F79EFBC}") = "QueueDurable.Consumer", "QueueDurable.Consumer\QueueDurable.Consumer.csproj", "{A0606431-EF4C-4234-8181-7D1C26E388BE}"
EndProject
Project("{FAE04EC0-301F-11D3-BF4B-00C04F79EFBC}") = "QueueDurable.Producer", "QueueDurable.Producer\QueueDurable.Producer.csproj", "{E17ADCF3-FFE1-4876-B291-79D1BEBC8F75}"
EndProject
Project("{FAE04EC0-301F-11D3-BF4B-00C04F79EFBC}") = "MessageDurable.Producer", "MessageDurable.Producer\MessageDurable.Producer.csproj", "{0827E25E-C724-4DA3-AB2A-69D4F9D2295F}"
EndProject
Project("{FAE04EC0-301F-11D3-BF4B-00C04F79EFBC}") = "MessageDurable.Consumer", "MessageDurable.Consumer\MessageDurable.Consumer.csproj", "{2C6655BE-B2FA-464C-A31E-F39BD00FCEFC}"
EndProject
Project("{FAE04EC0-301F-11D3-BF4B-00C04F79EFBC}") = "FullDurable.Consumer", "FullDurable.Consumer\FullDurable.Consumer.csproj", "{C76D7E89-ABAF-4DD2-BB51-C5FC3C83C169}"
EndProject
Project("{FAE04EC0-301F-11D3-BF4B-00C04F79EFBC}") = "FullDurable.Producer", "FullDurable.Producer\FullDurable.Producer.csproj", "{596551F1-CF7C-4AC3-B323-C77262061200}"
EndProject
Project("{FAE04EC0-301F-11D3-BF4B-00C04F79EFBC}") = "Fair.Consumer", "Fair.Consumer\Fair.Consumer.csproj", "{DEE73616-5191-4071-9210-BA1485C7B2D6}"
EndProject
Project("{FAE04EC0-301F-11D3-BF4B-00C04F79EFBC}") = "Fair.Producer", "Fair.Producer\Fair.Producer.csproj", "{40A7F45A-1F83-4D04-88A1-A2849724DE1A}"
EndProject
Project("{9A19103F-16F7-4668-BE54-9A1E7A4F7556}") = "AutoAck.Consumer", "AutoAck.Consumer\AutoAck.Consumer.csproj", "{EEF649D0-7216-4970-8D5B-075B4E757A5B}"
EndProject
Project("{9A19103F-16F7-4668-BE54-9A1E7A4F7556}") = "AutoAck.Producer", "AutoAck.Producer\AutoAck.Producer.csproj", "{D85AF8AA-7D96-41DE-95FF-AD1AB64BAB7A}"
EndProject
Project("{9A19103F-16F7-4668-BE54-9A1E7A4F7556}") = "RoundRobin.Producer", "RoundRobin.Producer\RoundRobin.Producer.csproj", "{75E65828-D2C9-4B00-8FA0-2AF5DA6D7F68}"
EndProject
Project("{9A19103F-16F7-4668-BE54-9A1E7A4F7556}") = "RoundRobin.Consumer", "RoundRobin.Resumer\RoundRobin.Consumer.csproj", "{112F6D28-2680-49C3-BE84-5522A2DA1F01}"
EndProject
Global
	GlobalSection(SolutionConfigurationPlatforms) = preSolution
		Debug|Any CPU = Debug|Any CPU
		Release|Any CPU = Release|Any CPU
	EndGlobalSection
	GlobalSection(ProjectConfigurationPlatforms) = postSolution
		{628D0B3C-E384-460D-A7F6-0DB2CC14AEEB}.Debug|Any CPU.ActiveCfg = Debug|Any CPU
		{628D0B3C-E384-460D-A7F6-0DB2CC14AEEB}.Debug|Any CPU.Build.0 = Debug|Any CPU
		{628D0B3C-E384-460D-A7F6-0DB2CC14AEEB}.Release|Any CPU.ActiveCfg = Release|Any CPU
		{628D0B3C-E384-460D-A7F6-0DB2CC14AEEB}.Release|Any CPU.Build.0 = Release|Any CPU
		{FD16D530-EEFA-44E8-B350-B4A6F40C7E50}.Debug|Any CPU.ActiveCfg = Debug|Any CPU
		{FD16D530-EEFA-44E8-B350-B4A6F40C7E50}.Debug|Any CPU.Build.0 = Debug|Any CPU
		{FD16D530-EEFA-44E8-B350-B4A6F40C7E50}.Release|Any CPU.ActiveCfg = Release|Any CPU
		{FD16D530-EEFA-44E8-B350-B4A6F40C7E50}.Release|Any CPU.Build.0 = Release|Any CPU
		{C4CB5021-0024-4E4A-ADC4-89158B5BA519}.Debug|Any CPU.ActiveCfg = Debug|Any CPU
		{C4CB5021-0024-4E4A-ADC4-89158B5BA519}.Debug|Any CPU.Build.0 = Debug|Any CPU
		{C4CB5021-0024-4E4A-ADC4-89158B5BA519}.Release|Any CPU.ActiveCfg = Release|Any CPU
		{C4CB5021-0024-4E4A-ADC4-89158B5BA519}.Release|Any CPU.Build.0 = Release|Any CPU
		{0DCA9085-4C00-4052-8EBD-D0FD822FDD5B}.Debug|Any CPU.ActiveCfg = Debug|Any CPU
		{0DCA9085-4C00-4052-8EBD-D0FD822FDD5B}.Debug|Any CPU.Build.0 = Debug|Any CPU
		{0DCA9085-4C00-4052-8EBD-D0FD822FDD5B}.Release|Any CPU.ActiveCfg = Release|Any CPU
		{0DCA9085-4C00-4052-8EBD-D0FD822FDD5B}.Release|Any CPU.Build.0 = Release|Any CPU
		{8198FE4A-9293-4B4F-A191-2C73BD34717F}.Debug|Any CPU.ActiveCfg = Debug|Any CPU
		{8198FE4A-9293-4B4F-A191-2C73BD34717F}.Debug|Any CPU.Build.0 = Debug|Any CPU
		{8198FE4A-9293-4B4F-A191-2C73BD34717F}.Release|Any CPU.ActiveCfg = Release|Any CPU
		{8198FE4A-9293-4B4F-A191-2C73BD34717F}.Release|Any CPU.Build.0 = Release|Any CPU
		{7734424B-0572-4E54-B507-0FF0C0683733}.Debug|Any CPU.ActiveCfg = Debug|Any CPU
		{7734424B-0572-4E54-B507-0FF0C0683733}.Debug|Any CPU.Build.0 = Debug|Any CPU
		{7734424B-0572-4E54-B507-0FF0C0683733}.Release|Any CPU.ActiveCfg = Release|Any CPU
		{7734424B-0572-4E54-B507-0FF0C0683733}.Release|Any CPU.Build.0 = Release|Any CPU
		{A0606431-EF4C-4234-8181-7D1C26E388BE}.Debug|Any CPU.ActiveCfg = Debug|Any CPU
		{A0606431-EF4C-4234-8181-7D1C26E388BE}.Debug|Any CPU.Build.0 = Debug|Any CPU
		{A0606431-EF4C-4234-8181-7D1C26E388BE}.Release|Any CPU.ActiveCfg = Release|Any CPU
		{A0606431-EF4C-4234-8181-7D1C26E388BE}.Release|Any CPU.Build.0 = Release|Any CPU
		{E17ADCF3-FFE1-4876-B291-79D1BEBC8F75}.Debug|Any CPU.ActiveCfg = Debug|Any CPU
		{E17ADCF3-FFE1-4876-B291-79D1BEBC8F75}.Debug|Any CPU.Build.0 = Debug|Any CPU
		{E17ADCF3-FFE1-4876-B291-79D1BEBC8F75}.Release|Any CPU.ActiveCfg = Release|Any CPU
		{E17ADCF3-FFE1-4876-B291-79D1BEBC8F75}.Release|Any CPU.Build.0 = Release|Any CPU
		{0827E25E-C724-4DA3-AB2A-69D4F9D2295F}.Debug|Any CPU.ActiveCfg = Debug|Any CPU
		{0827E25E-C724-4DA3-AB2A-69D4F9D2295F}.Debug|Any CPU.Build.0 = Debug|Any CPU
		{0827E25E-C724-4DA3-AB2A-69D4F9D2295F}.Release|Any CPU.ActiveCfg = Release|Any CPU
		{0827E25E-C724-4DA3-AB2A-69D4F9D2295F}.Release|Any CPU.Build.0 = Release|Any CPU
		{2C6655BE-B2FA-464C-A31E-F39BD00FCEFC}.Debug|Any CPU.ActiveCfg = Debug|Any CPU
		{2C6655BE-B2FA-464C-A31E-F39BD00FCEFC}.Debug|Any CPU.Build.0 = Debug|Any CPU
		{2C6655BE-B2FA-464C-A31E-F39BD00FCEFC}.Release|Any CPU.ActiveCfg = Release|Any CPU
		{2C6655BE-B2FA-464C-A31E-F39BD00FCEFC}.Release|Any CPU.Build.0 = Release|Any CPU
		{C76D7E89-ABAF-4DD2-BB51-C5FC3C83C169}.Debug|Any CPU.ActiveCfg = Debug|Any CPU
		{C76D7E89-ABAF-4DD2-BB51-C5FC3C83C169}.Debug|Any CPU.Build.0 = Debug|Any CPU
		{C76D7E89-ABAF-4DD2-BB51-C5FC3C83C169}.Release|Any CPU.ActiveCfg = Release|Any CPU
		{C76D7E89-ABAF-4DD2-BB51-C5FC3C83C169}.Release|Any CPU.Build.0 = Release|Any CPU
		{596551F1-CF7C-4AC3-B323-C77262061200}.Debug|Any CPU.ActiveCfg = Debug|Any CPU
		{596551F1-CF7C-4AC3-B323-C77262061200}.Debug|Any CPU.Build.0 = Debug|Any CPU
		{596551F1-CF7C-4AC3-B323-C77262061200}.Release|Any CPU.ActiveCfg = Release|Any CPU
		{596551F1-CF7C-4AC3-B323-C77262061200}.Release|Any CPU.Build.0 = Release|Any CPU
		{DEE73616-5191-4071-9210-BA1485C7B2D6}.Debug|Any CPU.ActiveCfg = Debug|Any CPU
		{DEE73616-5191-4071-9210-BA1485C7B2D6}.Debug|Any CPU.Build.0 = Debug|Any CPU
		{DEE73616-5191-4071-9210-BA1485C7B2D6}.Release|Any CPU.ActiveCfg = Release|Any CPU
		{DEE73616-5191-4071-9210-BA1485C7B2D6}.Release|Any CPU.Build.0 = Release|Any CPU
		{40A7F45A-1F83-4D04-88A1-A2849724DE1A}.Debug|Any CPU.ActiveCfg = Debug|Any CPU
		{40A7F45A-1F83-4D04-88A1-A2849724DE1A}.Debug|Any CPU.Build.0 = Debug|Any CPU
		{40A7F45A-1F83-4D04-88A1-A2849724DE1A}.Release|Any CPU.ActiveCfg = Release|Any CPU
		{40A7F45A-1F83-4D04-88A1-A2849724DE1A}.Release|Any CPU.Build.0 = Release|Any CPU
		{EEF649D0-7216-4970-8D5B-075B4E757A5B}.Debug|Any CPU.ActiveCfg = Debug|Any CPU
		{EEF649D0-7216-4970-8D5B-075B4E757A5B}.Debug|Any CPU.Build.0 = Debug|Any CPU
		{EEF649D0-7216-4970-8D5B-075B4E757A5B}.Release|Any CPU.ActiveCfg = Release|Any CPU
		{EEF649D0-7216-4970-8D5B-075B4E757A5B}.Release|Any CPU.Build.0 = Release|Any CPU
		{D85AF8AA-7D96-41DE-95FF-AD1AB64BAB7A}.Debug|Any CPU.ActiveCfg = Debug|Any CPU
		{D85AF8AA-7D96-41DE-95FF-AD1AB64BAB7A}.Debug|Any CPU.Build.0 = Debug|Any CPU
		{D85AF8AA-7D96-41DE-95FF-AD1AB64BAB7A}.Release|Any CPU.ActiveCfg = Release|Any CPU
		{D85AF8AA-7D96-41DE-95FF-AD1AB64BAB7A}.Release|Any CPU.Build.0 = Release|Any CPU
		{75E65828-D2C9-4B00-8FA0-2AF5DA6D7F68}.Debug|Any CPU.ActiveCfg = Debug|Any CPU
		{75E65828-D2C9-4B00-8FA0-2AF5DA6D7F68}.Debug|Any CPU.Build.0 = Debug|Any CPU
		{75E65828-D2C9-4B00-8FA0-2AF5DA6D7F68}.Release|Any CPU.ActiveCfg = Release|Any CPU
		{75E65828-D2C9-4B00-8FA0-2AF5DA6D7F68}.Release|Any CPU.Build.0 = Release|Any CPU
		{112F6D28-2680-49C3-BE84-5522A2DA1F01}.Debug|Any CPU.ActiveCfg = Debug|Any CPU
		{112F6D28-2680-49C3-BE84-5522A2DA1F01}.Debug|Any CPU.Build.0 = Debug|Any CPU
		{112F6D28-2680-49C3-BE84-5522A2DA1F01}.Release|Any CPU.ActiveCfg = Release|Any CPU
		{112F6D28-2680-49C3-BE84-5522A2DA1F01}.Release|Any CPU.Build.0 = Release|Any CPU
	EndGlobalSection
	GlobalSection(SolutionProperties) = preSolution
		HideSolutionNode = FALSE
	EndGlobalSection
	GlobalSection(NestedProjects) = preSolution
		{628D0B3C-E384-460D-A7F6-0DB2CC14AEEB} = {D7E491DB-BD02-4141-B083-92F37E64866F}
		{FD16D530-EEFA-44E8-B350-B4A6F40C7E50} = {D7E491DB-BD02-4141-B083-92F37E64866F}
		{CB78697D-C06F-4A68-937B-FA84BE1EA93A} = {E0AAD79C-07E3-4676-AC96-C7E5D3511C4C}
		{31141B45-9487-4B03-A523-8D27AD67254F} = {E6319085-038C-43ED-8AD5-079F41FE2F59}
		{4C12C7AC-B694-4081-BF2E-92E6B4BC3C88} = {E6319085-038C-43ED-8AD5-079F41FE2F59}
		{843422FA-02E3-4D02-8895-EDDCBFBD7D2C} = {DCA7B241-C5CF-4078-B43A-6BC4CEDBE957}
		{737B0593-58B7-4A4C-84CB-774A45AD7F35} = {DCA7B241-C5CF-4078-B43A-6BC4CEDBE957}
		{11E797EE-5C4C-4AB0-A325-66D2DE99D25F} = {DCA7B241-C5CF-4078-B43A-6BC4CEDBE957}
		{B8C8EB35-B26F-4DFD-86D4-5EA9B799D4FA} = {DCA7B241-C5CF-4078-B43A-6BC4CEDBE957}
		{13D6C124-E113-4CE5-9E6D-64042CB03B9E} = {E0AAD79C-07E3-4676-AC96-C7E5D3511C4C}
		{C4CB5021-0024-4E4A-ADC4-89158B5BA519} = {4C12C7AC-B694-4081-BF2E-92E6B4BC3C88}
		{0DCA9085-4C00-4052-8EBD-D0FD822FDD5B} = {4C12C7AC-B694-4081-BF2E-92E6B4BC3C88}
		{8198FE4A-9293-4B4F-A191-2C73BD34717F} = {843422FA-02E3-4D02-8895-EDDCBFBD7D2C}
		{7734424B-0572-4E54-B507-0FF0C0683733} = {843422FA-02E3-4D02-8895-EDDCBFBD7D2C}
		{A0606431-EF4C-4234-8181-7D1C26E388BE} = {737B0593-58B7-4A4C-84CB-774A45AD7F35}
		{E17ADCF3-FFE1-4876-B291-79D1BEBC8F75} = {737B0593-58B7-4A4C-84CB-774A45AD7F35}
		{0827E25E-C724-4DA3-AB2A-69D4F9D2295F} = {11E797EE-5C4C-4AB0-A325-66D2DE99D25F}
		{2C6655BE-B2FA-464C-A31E-F39BD00FCEFC} = {11E797EE-5C4C-4AB0-A325-66D2DE99D25F}
		{C76D7E89-ABAF-4DD2-BB51-C5FC3C83C169} = {B8C8EB35-B26F-4DFD-86D4-5EA9B799D4FA}
		{596551F1-CF7C-4AC3-B323-C77262061200} = {B8C8EB35-B26F-4DFD-86D4-5EA9B799D4FA}
		{DEE73616-5191-4071-9210-BA1485C7B2D6} = {13D6C124-E113-4CE5-9E6D-64042CB03B9E}
		{40A7F45A-1F83-4D04-88A1-A2849724DE1A} = {13D6C124-E113-4CE5-9E6D-64042CB03B9E}
		{EEF649D0-7216-4970-8D5B-075B4E757A5B} = {31141B45-9487-4B03-A523-8D27AD67254F}
		{D85AF8AA-7D96-41DE-95FF-AD1AB64BAB7A} = {31141B45-9487-4B03-A523-8D27AD67254F}
		{75E65828-D2C9-4B00-8FA0-2AF5DA6D7F68} = {CB78697D-C06F-4A68-937B-FA84BE1EA93A}
		{112F6D28-2680-49C3-BE84-5522A2DA1F01} = {CB78697D-C06F-4A68-937B-FA84BE1EA93A}
	EndGlobalSection
	GlobalSection(ExtensibilityGlobals) = postSolution
		SolutionGuid = {4A878944-9416-400A-A91E-9D77AD32BAF0}
	EndGlobalSection
EndGlobal
